// !$*UTF8*$!
{
	archiveVersion = 1;
	classes = {
	};
	objectVersion = 50;
	objects = {

/* Begin PBXBuildFile section */
		10B9E7CB244C2A4A00458EF3 /* TestTodos.swift in Sources */ = {isa = PBXBuildFile; fileRef = 10B9E7CA244C2A4A00458EF3 /* TestTodos.swift */; };
		10E9525B243C718D00B7D9E9 /* SettingViewController.swift in Sources */ = {isa = PBXBuildFile; fileRef = 10E9525A243C718C00B7D9E9 /* SettingViewController.swift */; };
		10E9525D243C7D9300B7D9E9 /* TodoViewControlloer.swift in Sources */ = {isa = PBXBuildFile; fileRef = 10E9525C243C7D9300B7D9E9 /* TodoViewControlloer.swift */; };
		BE176C91244A955C00D4FE88 /* Todo.swift in Sources */ = {isa = PBXBuildFile; fileRef = BE176C90244A955C00D4FE88 /* Todo.swift */; };
		BE5628A62441B18A00612012 /* AddScreen.swift in Sources */ = {isa = PBXBuildFile; fileRef = BE5628A52441B18A00612012 /* AddScreen.swift */; };
		BE9F5F3C2439DCEA00681439 /* AppDelegate.swift in Sources */ = {isa = PBXBuildFile; fileRef = BE9F5F3B2439DCEA00681439 /* AppDelegate.swift */; };
		BE9F5F3E2439DCEA00681439 /* SceneDelegate.swift in Sources */ = {isa = PBXBuildFile; fileRef = BE9F5F3D2439DCEA00681439 /* SceneDelegate.swift */; };
		BE9F5F402439DCEA00681439 /* ViewController.swift in Sources */ = {isa = PBXBuildFile; fileRef = BE9F5F3F2439DCEA00681439 /* ViewController.swift */; };
		BE9F5F432439DCEA00681439 /* Main.storyboard in Resources */ = {isa = PBXBuildFile; fileRef = BE9F5F412439DCEA00681439 /* Main.storyboard */; };
		BE9F5F452439DCEE00681439 /* Assets.xcassets in Resources */ = {isa = PBXBuildFile; fileRef = BE9F5F442439DCEE00681439 /* Assets.xcassets */; };
		BE9F5F482439DCEE00681439 /* LaunchScreen.storyboard in Resources */ = {isa = PBXBuildFile; fileRef = BE9F5F462439DCEE00681439 /* LaunchScreen.storyboard */; };
		BE9F5F502439E3F200681439 /* secondViewController.swift in Sources */ = {isa = PBXBuildFile; fileRef = BE9F5F4F2439E3F200681439 /* secondViewController.swift */; };
/* End PBXBuildFile section */

/* Begin PBXFileReference section */
		10B9E7CA244C2A4A00458EF3 /* TestTodos.swift */ = {isa = PBXFileReference; lastKnownFileType = sourcecode.swift; path = TestTodos.swift; sourceTree = "<group>"; };
		10E9525A243C718C00B7D9E9 /* SettingViewController.swift */ = {isa = PBXFileReference; lastKnownFileType = sourcecode.swift; path = SettingViewController.swift; sourceTree = "<group>"; };
		10E9525C243C7D9300B7D9E9 /* TodoViewControlloer.swift */ = {isa = PBXFileReference; lastKnownFileType = sourcecode.swift; path = TodoViewControlloer.swift; sourceTree = "<group>"; };
		BE176C90244A955C00D4FE88 /* Todo.swift */ = {isa = PBXFileReference; lastKnownFileType = sourcecode.swift; path = Todo.swift; sourceTree = "<group>"; };
		BE5628A52441B18A00612012 /* AddScreen.swift */ = {isa = PBXFileReference; fileEncoding = 4; lastKnownFileType = sourcecode.swift; path = AddScreen.swift; sourceTree = "<group>"; };
		BE9F5F382439DCEA00681439 /* dodolist.app */ = {isa = PBXFileReference; explicitFileType = wrapper.application; includeInIndex = 0; path = dodolist.app; sourceTree = BUILT_PRODUCTS_DIR; };
		BE9F5F3B2439DCEA00681439 /* AppDelegate.swift */ = {isa = PBXFileReference; lastKnownFileType = sourcecode.swift; path = AppDelegate.swift; sourceTree = "<group>"; };
		BE9F5F3D2439DCEA00681439 /* SceneDelegate.swift */ = {isa = PBXFileReference; lastKnownFileType = sourcecode.swift; path = SceneDelegate.swift; sourceTree = "<group>"; };
		BE9F5F3F2439DCEA00681439 /* ViewController.swift */ = {isa = PBXFileReference; lastKnownFileType = sourcecode.swift; path = ViewController.swift; sourceTree = "<group>"; };
		BE9F5F422439DCEA00681439 /* Base */ = {isa = PBXFileReference; lastKnownFileType = file.storyboard; name = Base; path = Base.lproj/Main.storyboard; sourceTree = "<group>"; };
		BE9F5F442439DCEE00681439 /* Assets.xcassets */ = {isa = PBXFileReference; lastKnownFileType = folder.assetcatalog; path = Assets.xcassets; sourceTree = "<group>"; };
		BE9F5F472439DCEE00681439 /* Base */ = {isa = PBXFileReference; lastKnownFileType = file.storyboard; name = Base; path = Base.lproj/LaunchScreen.storyboard; sourceTree = "<group>"; };
		BE9F5F492439DCEE00681439 /* Info.plist */ = {isa = PBXFileReference; lastKnownFileType = text.plist.xml; path = Info.plist; sourceTree = "<group>"; };
		BE9F5F4F2439E3F200681439 /* secondViewController.swift */ = {isa = PBXFileReference; lastKnownFileType = sourcecode.swift; path = secondViewController.swift; sourceTree = "<group>"; };
/* End PBXFileReference section */

/* Begin PBXFrameworksBuildPhase section */
		BE9F5F352439DCEA00681439 /* Frameworks */ = {
			isa = PBXFrameworksBuildPhase;
			buildActionMask = 2147483647;
			files = (
			);
			runOnlyForDeploymentPostprocessing = 0;
		};
/* End PBXFrameworksBuildPhase section */

/* Begin PBXGroup section */
		BE9F5F2F2439DCEA00681439 = {
			isa = PBXGroup;
			children = (
				BE9F5F3A2439DCEA00681439 /* dodolist */,
				BE9F5F392439DCEA00681439 /* Products */,
			);
			sourceTree = "<group>";
		};
		BE9F5F392439DCEA00681439 /* Products */ = {
			isa = PBXGroup;
			children = (
				BE9F5F382439DCEA00681439 /* dodolist.app */,
			);
			name = Products;
			sourceTree = "<group>";
		};
		BE9F5F3A2439DCEA00681439 /* dodolist */ = {
			isa = PBXGroup;
			children = (
				BE5628A52441B18A00612012 /* AddScreen.swift */,
				BE9F5F3B2439DCEA00681439 /* AppDelegate.swift */,
				10B9E7CA244C2A4A00458EF3 /* TestTodos.swift */,
				BE9F5F3D2439DCEA00681439 /* SceneDelegate.swift */,
				BE9F5F3F2439DCEA00681439 /* ViewController.swift */,
				BE9F5F4F2439E3F200681439 /* secondViewController.swift */,
				BE9F5F412439DCEA00681439 /* Main.storyboard */,
				10E9525C243C7D9300B7D9E9 /* TodoViewControlloer.swift */,
				BE9F5F442439DCEE00681439 /* Assets.xcassets */,
				BE9F5F462439DCEE00681439 /* LaunchScreen.storyboard */,
				BE9F5F492439DCEE00681439 /* Info.plist */,
				10E9525A243C718C00B7D9E9 /* SettingViewController.swift */,
				BE176C90244A955C00D4FE88 /* Todo.swift */,
			);
			path = dodolist;
			sourceTree = "<group>";
		};
/* End PBXGroup section */

/* Begin PBXNativeTarget section */
		BE9F5F372439DCEA00681439 /* dodolist */ = {
			isa = PBXNativeTarget;
			buildConfigurationList = BE9F5F4C2439DCEE00681439 /* Build configuration list for PBXNativeTarget "dodolist" */;
			buildPhases = (
				BE9F5F342439DCEA00681439 /* Sources */,
				BE9F5F352439DCEA00681439 /* Frameworks */,
				BE9F5F362439DCEA00681439 /* Resources */,
			);
			buildRules = (
			);
			dependencies = (
			);
			name = dodolist;
			productName = dodolist;
			productReference = BE9F5F382439DCEA00681439 /* dodolist.app */;
			productType = "com.apple.product-type.application";
		};
/* End PBXNativeTarget section */

/* Begin PBXProject section */
		BE9F5F302439DCEA00681439 /* Project object */ = {
			isa = PBXProject;
			attributes = {
				LastSwiftUpdateCheck = 1140;
				LastUpgradeCheck = 1140;
				ORGANIZATIONNAME = dodo;
				TargetAttributes = {
					BE9F5F372439DCEA00681439 = {
						CreatedOnToolsVersion = 11.4;
					};
				};
			};
			buildConfigurationList = BE9F5F332439DCEA00681439 /* Build configuration list for PBXProject "dodolist" */;
			compatibilityVersion = "Xcode 9.3";
			developmentRegion = en;
			hasScannedForEncodings = 0;
			knownRegions = (
				en,
				Base,
			);
			mainGroup = BE9F5F2F2439DCEA00681439;
			productRefGroup = BE9F5F392439DCEA00681439 /* Products */;
			projectDirPath = "";
			projectRoot = "";
			targets = (
				BE9F5F372439DCEA00681439 /* dodolist */,
			);
		};
/* End PBXProject section */

/* Begin PBXResourcesBuildPhase section */
		BE9F5F362439DCEA00681439 /* Resources */ = {
			isa = PBXResourcesBuildPhase;
			buildActionMask = 2147483647;
			files = (
				BE9F5F482439DCEE00681439 /* LaunchScreen.storyboard in Resources */,
				BE9F5F452439DCEE00681439 /* Assets.xcassets in Resources */,
				BE9F5F432439DCEA00681439 /* Main.storyboard in Resources */,
			);
			runOnlyForDeploymentPostprocessing = 0;
		};
/* End PBXResourcesBuildPhase section */

/* Begin PBXSourcesBuildPhase section */
		BE9F5F342439DCEA00681439 /* Sources */ = {
			isa = PBXSourcesBuildPhase;
			buildActionMask = 2147483647;
			files = (
				10E9525B243C718D00B7D9E9 /* SettingViewController.swift in Sources */,
				BE9F5F502439E3F200681439 /* secondViewController.swift in Sources */,
				BE9F5F402439DCEA00681439 /* ViewController.swift in Sources */,
				BE176C91244A955C00D4FE88 /* Todo.swift in Sources */,
				10B9E7CB244C2A4A00458EF3 /* TestTodos.swift in Sources */,
				BE9F5F3C2439DCEA00681439 /* AppDelegate.swift in Sources */,
				BE5628A62441B18A00612012 /* AddScreen.swift in Sources */,
				10E9525D243C7D9300B7D9E9 /* TodoViewControlloer.swift in Sources */,
				BE9F5F3E2439DCEA00681439 /* SceneDelegate.swift in Sources */,
			);
			runOnlyForDeploymentPostprocessing = 0;
		};
/* End PBXSourcesBuildPhase section */

/* Begin PBXVariantGroup section */
		BE9F5F412439DCEA00681439 /* Main.storyboard */ = {
			isa = PBXVariantGroup;
			children = (
				BE9F5F422439DCEA00681439 /* Base */,
			);
			name = Main.storyboard;
			sourceTree = "<group>";
		};
		BE9F5F462439DCEE00681439 /* LaunchScreen.storyboard */ = {
			isa = PBXVariantGroup;
			children = (
				BE9F5F472439DCEE00681439 /* Base */,
			);
			name = LaunchScreen.storyboard;
			sourceTree = "<group>";
		};
/* End PBXVariantGroup section */

/* Begin XCBuildConfiguration section */
		BE9F5F4A2439DCEE00681439 /* Debug */ = {
			isa = XCBuildConfiguration;
			buildSettings = {
				ALWAYS_SEARCH_USER_PATHS = NO;
				CLANG_ANALYZER_NONNULL = YES;
				CLANG_ANALYZER_NUMBER_OBJECT_CONVERSION = YES_AGGRESSIVE;
				CLANG_CXX_LANGUAGE_STANDARD = "gnu++14";
				CLANG_CXX_LIBRARY = "libc++";
				CLANG_ENABLE_MODULES = YES;
				CLANG_ENABLE_OBJC_ARC = YES;
				CLANG_ENABLE_OBJC_WEAK = YES;
				CLANG_WARN_BLOCK_CAPTURE_AUTORELEASING = YES;
				CLANG_WARN_BOOL_CONVERSION = YES;
				CLANG_WARN_COMMA = YES;
				CLANG_WARN_CONSTANT_CONVERSION = YES;
				CLANG_WARN_DEPRECATED_OBJC_IMPLEMENTATIONS = YES;
				CLANG_WARN_DIRECT_OBJC_ISA_USAGE = YES_ERROR;
				CLANG_WARN_DOCUMENTATION_COMMENTS = YES;
				CLANG_WARN_EMPTY_BODY = YES;
				CLANG_WARN_ENUM_CONVERSION = YES;
				CLANG_WARN_INFINITE_RECURSION = YES;
				CLANG_WARN_INT_CONVERSION = YES;
				CLANG_WARN_NON_LITERAL_NULL_CONVERSION = YES;
				CLANG_WARN_OBJC_IMPLICIT_RETAIN_SELF = YES;
				CLANG_WARN_OBJC_LITERAL_CONVERSION = YES;
				CLANG_WARN_OBJC_ROOT_CLASS = YES_ERROR;
				CLANG_WARN_RANGE_LOOP_ANALYSIS = YES;
				CLANG_WARN_STRICT_PROTOTYPES = YES;
				CLANG_WARN_SUSPICIOUS_MOVE = YES;
				CLANG_WARN_UNGUARDED_AVAILABILITY = YES_AGGRESSIVE;
				CLANG_WARN_UNREACHABLE_CODE = YES;
				CLANG_WARN__DUPLICATE_METHOD_MATCH = YES;
				COPY_PHASE_STRIP = NO;
				DEBUG_INFORMATION_FORMAT = dwarf;
				ENABLE_STRICT_OBJC_MSGSEND = YES;
				ENABLE_TESTABILITY = YES;
				GCC_C_LANGUAGE_STANDARD = gnu11;
				GCC_DYNAMIC_NO_PIC = NO;
				GCC_NO_COMMON_BLOCKS = YES;
				GCC_OPTIMIZATION_LEVEL = 0;
				GCC_PREPROCESSOR_DEFINITIONS = (
					"DEBUG=1",
					"$(inherited)",
				);
				GCC_WARN_64_TO_32_BIT_CONVERSION = YES;
				GCC_WARN_ABOUT_RETURN_TYPE = YES_ERROR;
				GCC_WARN_UNDECLARED_SELECTOR = YES;
				GCC_WARN_UNINITIALIZED_AUTOS = YES_AGGRESSIVE;
				GCC_WARN_UNUSED_FUNCTION = YES;
				GCC_WARN_UNUSED_VARIABLE = YES;
				IPHONEOS_DEPLOYMENT_TARGET = 13.4;
				MTL_ENABLE_DEBUG_INFO = INCLUDE_SOURCE;
				MTL_FAST_MATH = YES;
				ONLY_ACTIVE_ARCH = YES;
				SDKROOT = iphoneos;
				SWIFT_ACTIVE_COMPILATION_CONDITIONS = DEBUG;
				SWIFT_OPTIMIZATION_LEVEL = "-Onone";
			};
			name = Debug;
		};
		BE9F5F4B2439DCEE00681439 /* Release */ = {
			isa = XCBuildConfiguration;
			buildSettings = {
				ALWAYS_SEARCH_USER_PATHS = NO;
				CLANG_ANALYZER_NONNULL = YES;
				CLANG_ANALYZER_NUMBER_OBJECT_CONVERSION = YES_AGGRESSIVE;
				CLANG_CXX_LANGUAGE_STANDARD = "gnu++14";
				CLANG_CXX_LIBRARY = "libc++";
				CLANG_ENABLE_MODULES = YES;
				CLANG_ENABLE_OBJC_ARC = YES;
				CLANG_ENABLE_OBJC_WEAK = YES;
				CLANG_WARN_BLOCK_CAPTURE_AUTORELEASING = YES;
				CLANG_WARN_BOOL_CONVERSION = YES;
				CLANG_WARN_COMMA = YES;
				CLANG_WARN_CONSTANT_CONVERSION = YES;
				CLANG_WARN_DEPRECATED_OBJC_IMPLEMENTATIONS = YES;
				CLANG_WARN_DIRECT_OBJC_ISA_USAGE = YES_ERROR;
				CLANG_WARN_DOCUMENTATION_COMMENTS = YES;
				CLANG_WARN_EMPTY_BODY = YES;
				CLANG_WARN_ENUM_CONVERSION = YES;
				CLANG_WARN_INFINITE_RECURSION = YES;
				CLANG_WARN_INT_CONVERSION = YES;
				CLANG_WARN_NON_LITERAL_NULL_CONVERSION = YES;
				CLANG_WARN_OBJC_IMPLICIT_RETAIN_SELF = YES;
				CLANG_WARN_OBJC_LITERAL_CONVERSION = YES;
				CLANG_WARN_OBJC_ROOT_CLASS = YES_ERROR;
				CLANG_WARN_RANGE_LOOP_ANALYSIS = YES;
				CLANG_WARN_STRICT_PROTOTYPES = YES;
				CLANG_WARN_SUSPICIOUS_MOVE = YES;
				CLANG_WARN_UNGUARDED_AVAILABILITY = YES_AGGRESSIVE;
				CLANG_WARN_UNREACHABLE_CODE = YES;
				CLANG_WARN__DUPLICATE_METHOD_MATCH = YES;
				COPY_PHASE_STRIP = NO;
				DEBUG_INFORMATION_FORMAT = "dwarf-with-dsym";
				ENABLE_NS_ASSERTIONS = NO;
				ENABLE_STRICT_OBJC_MSGSEND = YES;
				GCC_C_LANGUAGE_STANDARD = gnu11;
				GCC_NO_COMMON_BLOCKS = YES;
				GCC_WARN_64_TO_32_BIT_CONVERSION = YES;
				GCC_WARN_ABOUT_RETURN_TYPE = YES_ERROR;
				GCC_WARN_UNDECLARED_SELECTOR = YES;
				GCC_WARN_UNINITIALIZED_AUTOS = YES_AGGRESSIVE;
				GCC_WARN_UNUSED_FUNCTION = YES;
				GCC_WARN_UNUSED_VARIABLE = YES;
				IPHONEOS_DEPLOYMENT_TARGET = 13.4;
				MTL_ENABLE_DEBUG_INFO = NO;
				MTL_FAST_MATH = YES;
				SDKROOT = iphoneos;
				SWIFT_COMPILATION_MODE = wholemodule;
				SWIFT_OPTIMIZATION_LEVEL = "-O";
				VALIDATE_PRODUCT = YES;
			};
			name = Release;
		};
		BE9F5F4D2439DCEE00681439 /* Debug */ = {
			isa = XCBuildConfiguration;
			buildSettings = {
				ASSETCATALOG_COMPILER_APPICON_NAME = AppIcon;
				CODE_SIGN_STYLE = Automatic;
				INFOPLIST_FILE = dodolist/Info.plist;
				IPHONEOS_DEPLOYMENT_TARGET = 13.4;
				LD_RUNPATH_SEARCH_PATHS = (
					"$(inherited)",
					"@executable_path/Frameworks",
				);
				PRODUCT_BUNDLE_IDENTIFIER = com.dodo.dodolist;
				PRODUCT_NAME = "$(TARGET_NAME)";
				SWIFT_VERSION = 5.0;
				TARGETED_DEVICE_FAMILY = 1;
			};
			name = Debug;
		};
		BE9F5F4E2439DCEE00681439 /* Release */ = {
			isa = XCBuildConfiguration;
			buildSettings = {
				ASSETCATALOG_COMPILER_APPICON_NAME = AppIcon;
				CODE_SIGN_STYLE = Automatic;
				INFOPLIST_FILE = dodolist/Info.plist;
				IPHONEOS_DEPLOYMENT_TARGET = 13.4;
				LD_RUNPATH_SEARCH_PATHS = (
					"$(inherited)",
					"@executable_path/Frameworks",
				);
				PRODUCT_BUNDLE_IDENTIFIER = com.dodo.dodolist;
				PRODUCT_NAME = "$(TARGET_NAME)";
				SWIFT_VERSION = 5.0;
				TARGETED_DEVICE_FAMILY = 1;
			};
			name = Release;
		};
/* End XCBuildConfiguration section */

/* Begin XCConfigurationList section */
		BE9F5F332439DCEA00681439 /* Build configuration list for PBXProject "dodolist" */ = {
			isa = XCConfigurationList;
			buildConfigurations = (
				BE9F5F4A2439DCEE00681439 /* Debug */,
				BE9F5F4B2439DCEE00681439 /* Release */,
			);
			defaultConfigurationIsVisible = 0;
			defaultConfigurationName = Release;
		};
		BE9F5F4C2439DCEE00681439 /* Build configuration list for PBXNativeTarget "dodolist" */ = {
			isa = XCConfigurationList;
			buildConfigurations = (
				BE9F5F4D2439DCEE00681439 /* Debug */,
				BE9F5F4E2439DCEE00681439 /* Release */,
			);
			defaultConfigurationIsVisible = 0;
			defaultConfigurationName = Release;
		};
/* End XCConfigurationList section */
	};
	rootObject = BE9F5F302439DCEA00681439 /* Project object */;
}
